
Microsoft Visual Studio Solution File, Format Version 12.00
# Visual Studio Version 16
VisualStudioVersion = 16.0.30804.86
MinimumVisualStudioVersion = 10.0.40219.1
Project("{FAE04EC0-301F-11D3-BF4B-00C04F79EFBC}") = "RS_SEMINARSKI", "RS_SEMINARSKI\RS_SEMINARSKI.csproj", "{94AF07FF-EEE1-4F3B-BCAD-D272D65475F7}"
EndProject
Project("{FAE04EC0-301F-11D3-BF4B-00C04F79EFBC}") = "Data", "Data\Data.csproj", "{AC246135-8B1F-4A18-AADB-AECF59765554}"
EndProject
Global
	GlobalSection(SolutionConfigurationPlatforms) = preSolution
		Debug|Any CPU = Debug|Any CPU
		Release|Any CPU = Release|Any CPU
	EndGlobalSection
	GlobalSection(ProjectConfigurationPlatforms) = postSolution
		{94AF07FF-EEE1-4F3B-BCAD-D272D65475F7}.Debug|Any CPU.ActiveCfg = Debug|Any CPU
		{94AF07FF-EEE1-4F3B-BCAD-D272D65475F7}.Debug|Any CPU.Build.0 = Debug|Any CPU
		{94AF07FF-EEE1-4F3B-BCAD-D272D65475F7}.Release|Any CPU.ActiveCfg = Release|Any CPU
		{94AF07FF-EEE1-4F3B-BCAD-D272D65475F7}.Release|Any CPU.Build.0 = Release|Any CPU
		{AC246135-8B1F-4A18-AADB-AECF59765554}.Debug|Any CPU.ActiveCfg = Debug|Any CPU
		{AC246135-8B1F-4A18-AADB-AECF59765554}.Debug|Any CPU.Build.0 = Debug|Any CPU
		{AC246135-8B1F-4A18-AADB-AECF59765554}.Release|Any CPU.ActiveCfg = Release|Any CPU
		{AC246135-8B1F-4A18-AADB-AECF59765554}.Release|Any CPU.Build.0 = Release|Any CPU
	EndGlobalSection
	GlobalSection(SolutionProperties) = preSolution
		HideSolutionNode = FALSE
	EndGlobalSection
	GlobalSection(ExtensibilityGlobals) = postSolution
		SolutionGuid = {371A8DA5-13E2-462A-81B3-57D1EA097075}
	EndGlobalSection
EndGlobal
